// !$*UTF8*$!
{
	archiveVersion = 1;
	classes = {
	};
	objectVersion = 46;
	objects = {

/* Begin PBXBuildFile section */
		208A54DA85D0BAAC0346652F /* Pods_MyWeatherApp.framework in Frameworks */ = {isa = PBXBuildFile; fileRef = B7E0FDDB271ECEDDEE684198 /* Pods_MyWeatherApp.framework */; };
		9D0354621F0A2C3B00A9B97A /* City.swift in Sources */ = {isa = PBXBuildFile; fileRef = 9D0354611F0A2C3B00A9B97A /* City.swift */; };
		9DFC75F21F029D110060EA56 /* AppDelegate.swift in Sources */ = {isa = PBXBuildFile; fileRef = 9DFC75F11F029D110060EA56 /* AppDelegate.swift */; };
		9DFC75F41F029D110060EA56 /* SignInViewController.swift in Sources */ = {isa = PBXBuildFile; fileRef = 9DFC75F31F029D110060EA56 /* SignInViewController.swift */; };
		9DFC75FA1F029D110060EA56 /* MyWeatherApp.xcdatamodeld in Sources */ = {isa = PBXBuildFile; fileRef = 9DFC75F81F029D110060EA56 /* MyWeatherApp.xcdatamodeld */; };
		9DFC75FC1F029D110060EA56 /* Assets.xcassets in Resources */ = {isa = PBXBuildFile; fileRef = 9DFC75FB1F029D110060EA56 /* Assets.xcassets */; };
		9DFC75FF1F029D110060EA56 /* LaunchScreen.storyboard in Resources */ = {isa = PBXBuildFile; fileRef = 9DFC75FD1F029D110060EA56 /* LaunchScreen.storyboard */; };
		9DFC76081F03B1600060EA56 /* GoogleService-Info.plist in Resources */ = {isa = PBXBuildFile; fileRef = 9DFC76071F03B1600060EA56 /* GoogleService-Info.plist */; };
		9DFC760E1F0403CF0060EA56 /* DataService.swift in Sources */ = {isa = PBXBuildFile; fileRef = 9DFC760D1F0403CF0060EA56 /* DataService.swift */; };
		9DFC76101F043C380060EA56 /* CitiesDatasourceController.swift in Sources */ = {isa = PBXBuildFile; fileRef = 9DFC760F1F043C380060EA56 /* CitiesDatasourceController.swift */; };
		9DFC76121F043C670060EA56 /* CitiesDatasource.swift in Sources */ = {isa = PBXBuildFile; fileRef = 9DFC76111F043C670060EA56 /* CitiesDatasource.swift */; };
		9DFC76141F0446B60060EA56 /* CityCell.swift in Sources */ = {isa = PBXBuildFile; fileRef = 9DFC76131F0446B60060EA56 /* CityCell.swift */; };
		9DFC76181F0792AE0060EA56 /* CityHeader.swift in Sources */ = {isa = PBXBuildFile; fileRef = 9DFC76171F0792AE0060EA56 /* CityHeader.swift */; };
		9DFC761A1F07FDA30060EA56 /* Main.storyboard in Resources */ = {isa = PBXBuildFile; fileRef = 9DFC76191F07FDA30060EA56 /* Main.storyboard */; };
		9DFC761C1F080BA00060EA56 /* WeatherService.swift in Sources */ = {isa = PBXBuildFile; fileRef = 9DFC761B1F080BA00060EA56 /* WeatherService.swift */; };
/* End PBXBuildFile section */

/* Begin PBXFileReference section */
		9D0354611F0A2C3B00A9B97A /* City.swift */ = {isa = PBXFileReference; fileEncoding = 4; lastKnownFileType = sourcecode.swift; path = City.swift; sourceTree = "<group>"; };
		9DFC75EE1F029D110060EA56 /* MyWeatherApp.app */ = {isa = PBXFileReference; explicitFileType = wrapper.application; includeInIndex = 0; path = MyWeatherApp.app; sourceTree = BUILT_PRODUCTS_DIR; };
		9DFC75F11F029D110060EA56 /* AppDelegate.swift */ = {isa = PBXFileReference; lastKnownFileType = sourcecode.swift; path = AppDelegate.swift; sourceTree = "<group>"; };
		9DFC75F31F029D110060EA56 /* SignInViewController.swift */ = {isa = PBXFileReference; lastKnownFileType = sourcecode.swift; path = SignInViewController.swift; sourceTree = "<group>"; };
		9DFC75F91F029D110060EA56 /* MyWeatherApp.xcdatamodel */ = {isa = PBXFileReference; lastKnownFileType = wrapper.xcdatamodel; path = MyWeatherApp.xcdatamodel; sourceTree = "<group>"; };
		9DFC75FB1F029D110060EA56 /* Assets.xcassets */ = {isa = PBXFileReference; lastKnownFileType = folder.assetcatalog; path = Assets.xcassets; sourceTree = "<group>"; };
		9DFC75FE1F029D110060EA56 /* Base */ = {isa = PBXFileReference; lastKnownFileType = file.storyboard; name = Base; path = Base.lproj/LaunchScreen.storyboard; sourceTree = "<group>"; };
		9DFC76001F029D110060EA56 /* Info.plist */ = {isa = PBXFileReference; lastKnownFileType = text.plist.xml; path = Info.plist; sourceTree = "<group>"; };
		9DFC76061F039A170060EA56 /* MyWeatherApp.entitlements */ = {isa = PBXFileReference; lastKnownFileType = text.plist.entitlements; path = MyWeatherApp.entitlements; sourceTree = "<group>"; };
		9DFC76071F03B1600060EA56 /* GoogleService-Info.plist */ = {isa = PBXFileReference; fileEncoding = 4; lastKnownFileType = text.plist.xml; path = "GoogleService-Info.plist"; sourceTree = "<group>"; };
		9DFC760D1F0403CF0060EA56 /* DataService.swift */ = {isa = PBXFileReference; fileEncoding = 4; lastKnownFileType = sourcecode.swift; path = DataService.swift; sourceTree = "<group>"; };
		9DFC760F1F043C380060EA56 /* CitiesDatasourceController.swift */ = {isa = PBXFileReference; fileEncoding = 4; lastKnownFileType = sourcecode.swift; path = CitiesDatasourceController.swift; sourceTree = "<group>"; };
		9DFC76111F043C670060EA56 /* CitiesDatasource.swift */ = {isa = PBXFileReference; fileEncoding = 4; lastKnownFileType = sourcecode.swift; path = CitiesDatasource.swift; sourceTree = "<group>"; };
		9DFC76131F0446B60060EA56 /* CityCell.swift */ = {isa = PBXFileReference; fileEncoding = 4; lastKnownFileType = sourcecode.swift; path = CityCell.swift; sourceTree = "<group>"; };
		9DFC76171F0792AE0060EA56 /* CityHeader.swift */ = {isa = PBXFileReference; fileEncoding = 4; lastKnownFileType = sourcecode.swift; path = CityHeader.swift; sourceTree = "<group>"; };
		9DFC76191F07FDA30060EA56 /* Main.storyboard */ = {isa = PBXFileReference; fileEncoding = 4; lastKnownFileType = file.storyboard; path = Main.storyboard; sourceTree = "<group>"; };
		9DFC761B1F080BA00060EA56 /* WeatherService.swift */ = {isa = PBXFileReference; fileEncoding = 4; lastKnownFileType = sourcecode.swift; path = WeatherService.swift; sourceTree = "<group>"; };
		B7E0FDDB271ECEDDEE684198 /* Pods_MyWeatherApp.framework */ = {isa = PBXFileReference; explicitFileType = wrapper.framework; includeInIndex = 0; path = Pods_MyWeatherApp.framework; sourceTree = BUILT_PRODUCTS_DIR; };
		C549B651B774768DC1273136 /* Pods-MyWeatherApp.debug.xcconfig */ = {isa = PBXFileReference; includeInIndex = 1; lastKnownFileType = text.xcconfig; name = "Pods-MyWeatherApp.debug.xcconfig"; path = "Pods/Target Support Files/Pods-MyWeatherApp/Pods-MyWeatherApp.debug.xcconfig"; sourceTree = "<group>"; };
		F64BF545CE119611BFF0152D /* Pods-MyWeatherApp.release.xcconfig */ = {isa = PBXFileReference; includeInIndex = 1; lastKnownFileType = text.xcconfig; name = "Pods-MyWeatherApp.release.xcconfig"; path = "Pods/Target Support Files/Pods-MyWeatherApp/Pods-MyWeatherApp.release.xcconfig"; sourceTree = "<group>"; };
/* End PBXFileReference section */

/* Begin PBXFrameworksBuildPhase section */
		9DFC75EB1F029D110060EA56 /* Frameworks */ = {
			isa = PBXFrameworksBuildPhase;
			buildActionMask = 2147483647;
			files = (
				208A54DA85D0BAAC0346652F /* Pods_MyWeatherApp.framework in Frameworks */,
			);
			runOnlyForDeploymentPostprocessing = 0;
		};
/* End PBXFrameworksBuildPhase section */

/* Begin PBXGroup section */
		6988D915A2E8603EE47B22E5 /* Pods */ = {
			isa = PBXGroup;
			children = (
				C549B651B774768DC1273136 /* Pods-MyWeatherApp.debug.xcconfig */,
				F64BF545CE119611BFF0152D /* Pods-MyWeatherApp.release.xcconfig */,
			);
			name = Pods;
			sourceTree = "<group>";
		};
		9DFC75E51F029D110060EA56 = {
			isa = PBXGroup;
			children = (
				9DFC75F01F029D110060EA56 /* MyWeatherApp */,
				9DFC75EF1F029D110060EA56 /* Products */,
				6988D915A2E8603EE47B22E5 /* Pods */,
				DD6AD918A810A40633D28264 /* Frameworks */,
			);
			sourceTree = "<group>";
		};
		9DFC75EF1F029D110060EA56 /* Products */ = {
			isa = PBXGroup;
			children = (
				9DFC75EE1F029D110060EA56 /* MyWeatherApp.app */,
			);
			name = Products;
			sourceTree = "<group>";
		};
		9DFC75F01F029D110060EA56 /* MyWeatherApp */ = {
			isa = PBXGroup;
			children = (
				9DFC760C1F03B32C0060EA56 /* Service */,
				9DFC760B1F03B3220060EA56 /* Model */,
				9DFC760A1F03B31B0060EA56 /* View */,
				9DFC76091F03B3130060EA56 /* Controller */,
				9DFC76061F039A170060EA56 /* MyWeatherApp.entitlements */,
				9DFC75F11F029D110060EA56 /* AppDelegate.swift */,
				9DFC75FB1F029D110060EA56 /* Assets.xcassets */,
				9DFC76191F07FDA30060EA56 /* Main.storyboard */,
				9DFC75FD1F029D110060EA56 /* LaunchScreen.storyboard */,
				9DFC76001F029D110060EA56 /* Info.plist */,
				9DFC76071F03B1600060EA56 /* GoogleService-Info.plist */,
				9DFC75F81F029D110060EA56 /* MyWeatherApp.xcdatamodeld */,
			);
			path = MyWeatherApp;
			sourceTree = "<group>";
		};
		9DFC76091F03B3130060EA56 /* Controller */ = {
			isa = PBXGroup;
			children = (
				9DFC75F31F029D110060EA56 /* SignInViewController.swift */,
				9DFC760F1F043C380060EA56 /* CitiesDatasourceController.swift */,
			);
			name = Controller;
			sourceTree = "<group>";
		};
		9DFC760A1F03B31B0060EA56 /* View */ = {
			isa = PBXGroup;
			children = (
				9DFC76131F0446B60060EA56 /* CityCell.swift */,
				9DFC76171F0792AE0060EA56 /* CityHeader.swift */,
			);
			name = View;
			sourceTree = "<group>";
		};
		9DFC760B1F03B3220060EA56 /* Model */ = {
			isa = PBXGroup;
			children = (
				9DFC76111F043C670060EA56 /* CitiesDatasource.swift */,
				9D0354611F0A2C3B00A9B97A /* City.swift */,
			);
			name = Model;
			sourceTree = "<group>";
		};
		9DFC760C1F03B32C0060EA56 /* Service */ = {
			isa = PBXGroup;
			children = (
				9DFC760D1F0403CF0060EA56 /* DataService.swift */,
				9DFC761B1F080BA00060EA56 /* WeatherService.swift */,
			);
			name = Service;
			sourceTree = "<group>";
		};
		DD6AD918A810A40633D28264 /* Frameworks */ = {
			isa = PBXGroup;
			children = (
				B7E0FDDB271ECEDDEE684198 /* Pods_MyWeatherApp.framework */,
			);
			name = Frameworks;
			sourceTree = "<group>";
		};
/* End PBXGroup section */

/* Begin PBXNativeTarget section */
		9DFC75ED1F029D110060EA56 /* MyWeatherApp */ = {
			isa = PBXNativeTarget;
			buildConfigurationList = 9DFC76031F029D110060EA56 /* Build configuration list for PBXNativeTarget "MyWeatherApp" */;
			buildPhases = (
				376762E729499F1CF4309F70 /* [CP] Check Pods Manifest.lock */,
				9DFC75EA1F029D110060EA56 /* Sources */,
				9DFC75EB1F029D110060EA56 /* Frameworks */,
				9DFC75EC1F029D110060EA56 /* Resources */,
				77BE03BF3E9C35493B5AA6FA /* [CP] Embed Pods Frameworks */,
				C2E849C6F092D97A4A20A0A3 /* [CP] Copy Pods Resources */,
			);
			buildRules = (
			);
			dependencies = (
			);
			name = MyWeatherApp;
			productName = MyWeatherApp;
			productReference = 9DFC75EE1F029D110060EA56 /* MyWeatherApp.app */;
			productType = "com.apple.product-type.application";
		};
/* End PBXNativeTarget section */

/* Begin PBXProject section */
		9DFC75E61F029D110060EA56 /* Project object */ = {
			isa = PBXProject;
			attributes = {
				LastSwiftUpdateCheck = 0830;
				LastUpgradeCheck = 0830;
				ORGANIZATIONNAME = "taras team";
				TargetAttributes = {
					9DFC75ED1F029D110060EA56 = {
						CreatedOnToolsVersion = 8.3.3;
						DevelopmentTeam = L5H8Z4UVXQ;
						ProvisioningStyle = Automatic;
						SystemCapabilities = {
							com.apple.Keychain = {
								enabled = 0;
							};
						};
					};
				};
			};
			buildConfigurationList = 9DFC75E91F029D110060EA56 /* Build configuration list for PBXProject "MyWeatherApp" */;
			compatibilityVersion = "Xcode 3.2";
			developmentRegion = English;
			hasScannedForEncodings = 0;
			knownRegions = (
				en,
				Base,
			);
			mainGroup = 9DFC75E51F029D110060EA56;
			productRefGroup = 9DFC75EF1F029D110060EA56 /* Products */;
			projectDirPath = "";
			projectRoot = "";
			targets = (
				9DFC75ED1F029D110060EA56 /* MyWeatherApp */,
			);
		};
/* End PBXProject section */

/* Begin PBXResourcesBuildPhase section */
		9DFC75EC1F029D110060EA56 /* Resources */ = {
			isa = PBXResourcesBuildPhase;
			buildActionMask = 2147483647;
			files = (
				9DFC75FF1F029D110060EA56 /* LaunchScreen.storyboard in Resources */,
				9DFC75FC1F029D110060EA56 /* Assets.xcassets in Resources */,
				9DFC76081F03B1600060EA56 /* GoogleService-Info.plist in Resources */,
				9DFC761A1F07FDA30060EA56 /* Main.storyboard in Resources */,
			);
			runOnlyForDeploymentPostprocessing = 0;
		};
/* End PBXResourcesBuildPhase section */

/* Begin PBXShellScriptBuildPhase section */
		376762E729499F1CF4309F70 /* [CP] Check Pods Manifest.lock */ = {
			isa = PBXShellScriptBuildPhase;
			buildActionMask = 2147483647;
			files = (
			);
			inputPaths = (
			);
			name = "[CP] Check Pods Manifest.lock";
			outputPaths = (
			);
			runOnlyForDeploymentPostprocessing = 0;
			shellPath = /bin/sh;
			shellScript = "diff \"${PODS_ROOT}/../Podfile.lock\" \"${PODS_ROOT}/Manifest.lock\" > /dev/null\nif [ $? != 0 ] ; then\n    # print error to STDERR\n    echo \"error: The sandbox is not in sync with the Podfile.lock. Run 'pod install' or update your CocoaPods installation.\" >&2\n    exit 1\nfi\n";
			showEnvVarsInLog = 0;
		};
		77BE03BF3E9C35493B5AA6FA /* [CP] Embed Pods Frameworks */ = {
			isa = PBXShellScriptBuildPhase;
			buildActionMask = 2147483647;
			files = (
			);
			inputPaths = (
			);
			name = "[CP] Embed Pods Frameworks";
			outputPaths = (
			);
			runOnlyForDeploymentPostprocessing = 0;
			shellPath = /bin/sh;
			shellScript = "\"${SRCROOT}/Pods/Target Support Files/Pods-MyWeatherApp/Pods-MyWeatherApp-frameworks.sh\"\n";
			showEnvVarsInLog = 0;
		};
		C2E849C6F092D97A4A20A0A3 /* [CP] Copy Pods Resources */ = {
			isa = PBXShellScriptBuildPhase;
			buildActionMask = 2147483647;
			files = (
			);
			inputPaths = (
			);
			name = "[CP] Copy Pods Resources";
			outputPaths = (
			);
			runOnlyForDeploymentPostprocessing = 0;
			shellPath = /bin/sh;
			shellScript = "\"${SRCROOT}/Pods/Target Support Files/Pods-MyWeatherApp/Pods-MyWeatherApp-resources.sh\"\n";
			showEnvVarsInLog = 0;
		};
/* End PBXShellScriptBuildPhase section */

/* Begin PBXSourcesBuildPhase section */
		9DFC75EA1F029D110060EA56 /* Sources */ = {
			isa = PBXSourcesBuildPhase;
			buildActionMask = 2147483647;
			files = (
				9DFC76101F043C380060EA56 /* CitiesDatasourceController.swift in Sources */,
				9DFC761C1F080BA00060EA56 /* WeatherService.swift in Sources */,
				9DFC75F41F029D110060EA56 /* SignInViewController.swift in Sources */,
				9DFC76181F0792AE0060EA56 /* CityHeader.swift in Sources */,
				9DFC75FA1F029D110060EA56 /* MyWeatherApp.xcdatamodeld in Sources */,
				9DFC76121F043C670060EA56 /* CitiesDatasource.swift in Sources */,
				9D0354621F0A2C3B00A9B97A /* City.swift in Sources */,
				9DFC75F21F029D110060EA56 /* AppDelegate.swift in Sources */,
				9DFC76141F0446B60060EA56 /* CityCell.swift in Sources */,
				9DFC760E1F0403CF0060EA56 /* DataService.swift in Sources */,
			);
			runOnlyForDeploymentPostprocessing = 0;
		};
/* End PBXSourcesBuildPhase section */

/* Begin PBXVariantGroup section */
		9DFC75FD1F029D110060EA56 /* LaunchScreen.storyboard */ = {
			isa = PBXVariantGroup;
			children = (
				9DFC75FE1F029D110060EA56 /* Base */,
			);
			name = LaunchScreen.storyboard;
			sourceTree = "<group>";
		};
/* End PBXVariantGroup section */

/* Begin XCBuildConfiguration section */
		9DFC76011F029D110060EA56 /* Debug */ = {
			isa = XCBuildConfiguration;
			buildSettings = {
				ALWAYS_SEARCH_USER_PATHS = NO;
				CLANG_ANALYZER_NONNULL = YES;
				CLANG_ANALYZER_NUMBER_OBJECT_CONVERSION = YES_AGGRESSIVE;
				CLANG_CXX_LANGUAGE_STANDARD = "gnu++0x";
				CLANG_CXX_LIBRARY = "libc++";
				CLANG_ENABLE_MODULES = YES;
				CLANG_ENABLE_OBJC_ARC = YES;
				CLANG_WARN_BOOL_CONVERSION = YES;
				CLANG_WARN_CONSTANT_CONVERSION = YES;
				CLANG_WARN_DIRECT_OBJC_ISA_USAGE = YES_ERROR;
				CLANG_WARN_DOCUMENTATION_COMMENTS = YES;
				CLANG_WARN_EMPTY_BODY = YES;
				CLANG_WARN_ENUM_CONVERSION = YES;
				CLANG_WARN_INFINITE_RECURSION = YES;
				CLANG_WARN_INT_CONVERSION = YES;
				CLANG_WARN_OBJC_ROOT_CLASS = YES_ERROR;
				CLANG_WARN_SUSPICIOUS_MOVE = YES;
				CLANG_WARN_UNREACHABLE_CODE = YES;
				CLANG_WARN__DUPLICATE_METHOD_MATCH = YES;
				"CODE_SIGN_IDENTITY[sdk=iphoneos*]" = "iPhone Developer";
				COPY_PHASE_STRIP = NO;
				DEBUG_INFORMATION_FORMAT = dwarf;
				ENABLE_STRICT_OBJC_MSGSEND = YES;
				ENABLE_TESTABILITY = YES;
				GCC_C_LANGUAGE_STANDARD = gnu99;
				GCC_DYNAMIC_NO_PIC = NO;
				GCC_NO_COMMON_BLOCKS = YES;
				GCC_OPTIMIZATION_LEVEL = 0;
				GCC_PREPROCESSOR_DEFINITIONS = (
					"DEBUG=1",
					"$(inherited)",
				);
				GCC_WARN_64_TO_32_BIT_CONVERSION = YES;
				GCC_WARN_ABOUT_RETURN_TYPE = YES_ERROR;
				GCC_WARN_UNDECLARED_SELECTOR = YES;
				GCC_WARN_UNINITIALIZED_AUTOS = YES_AGGRESSIVE;
				GCC_WARN_UNUSED_FUNCTION = YES;
				GCC_WARN_UNUSED_VARIABLE = YES;
				IPHONEOS_DEPLOYMENT_TARGET = 10.3;
				MTL_ENABLE_DEBUG_INFO = YES;
				ONLY_ACTIVE_ARCH = YES;
				SDKROOT = iphoneos;
				SWIFT_ACTIVE_COMPILATION_CONDITIONS = DEBUG;
				SWIFT_OPTIMIZATION_LEVEL = "-Onone";
			};
			name = Debug;
		};
		9DFC76021F029D110060EA56 /* Release */ = {
			isa = XCBuildConfiguration;
			buildSettings = {
				ALWAYS_SEARCH_USER_PATHS = NO;
				CLANG_ANALYZER_NONNULL = YES;
				CLANG_ANALYZER_NUMBER_OBJECT_CONVERSION = YES_AGGRESSIVE;
				CLANG_CXX_LANGUAGE_STANDARD = "gnu++0x";
				CLANG_CXX_LIBRARY = "libc++";
				CLANG_ENABLE_MODULES = YES;
				CLANG_ENABLE_OBJC_ARC = YES;
				CLANG_WARN_BOOL_CONVERSION = YES;
				CLANG_WARN_CONSTANT_CONVERSION = YES;
				CLANG_WARN_DIRECT_OBJC_ISA_USAGE = YES_ERROR;
				CLANG_WARN_DOCUMENTATION_COMMENTS = YES;
				CLANG_WARN_EMPTY_BODY = YES;
				CLANG_WARN_ENUM_CONVERSION = YES;
				CLANG_WARN_INFINITE_RECURSION = YES;
				CLANG_WARN_INT_CONVERSION = YES;
				CLANG_WARN_OBJC_ROOT_CLASS = YES_ERROR;
				CLANG_WARN_SUSPICIOUS_MOVE = YES;
				CLANG_WARN_UNREACHABLE_CODE = YES;
				CLANG_WARN__DUPLICATE_METHOD_MATCH = YES;
				"CODE_SIGN_IDENTITY[sdk=iphoneos*]" = "iPhone Developer";
				COPY_PHASE_STRIP = NO;
				DEBUG_INFORMATION_FORMAT = "dwarf-with-dsym";
				ENABLE_NS_ASSERTIONS = NO;
				ENABLE_STRICT_OBJC_MSGSEND = YES;
				GCC_C_LANGUAGE_STANDARD = gnu99;
				GCC_NO_COMMON_BLOCKS = YES;
				GCC_WARN_64_TO_32_BIT_CONVERSION = YES;
				GCC_WARN_ABOUT_RETURN_TYPE = YES_ERROR;
				GCC_WARN_UNDECLARED_SELECTOR = YES;
				GCC_WARN_UNINITIALIZED_AUTOS = YES_AGGRESSIVE;
				GCC_WARN_UNUSED_FUNCTION = YES;
				GCC_WARN_UNUSED_VARIABLE = YES;
				IPHONEOS_DEPLOYMENT_TARGET = 10.3;
				MTL_ENABLE_DEBUG_INFO = NO;
				SDKROOT = iphoneos;
				SWIFT_OPTIMIZATION_LEVEL = "-Owholemodule";
				VALIDATE_PRODUCT = YES;
			};
			name = Release;
		};
		9DFC76041F029D110060EA56 /* Debug */ = {
			isa = XCBuildConfiguration;
			baseConfigurationReference = C549B651B774768DC1273136 /* Pods-MyWeatherApp.debug.xcconfig */;
			buildSettings = {
				ASSETCATALOG_COMPILER_APPICON_NAME = AppIcon;
				DEVELOPMENT_TEAM = L5H8Z4UVXQ;
				INFOPLIST_FILE = MyWeatherApp/Info.plist;
				LD_RUNPATH_SEARCH_PATHS = "$(inherited) @executable_path/Frameworks";
				PRODUCT_BUNDLE_IDENTIFIER = com.tarasapp.MyWeatherApp;
				PRODUCT_NAME = "$(TARGET_NAME)";
				SWIFT_VERSION = 3.0;
			};
			name = Debug;
		};
		9DFC76051F029D110060EA56 /* Release */ = {
			isa = XCBuildConfiguration;
			baseConfigurationReference = F64BF545CE119611BFF0152D /* Pods-MyWeatherApp.release.xcconfig */;
			buildSettings = {
				ASSETCATALOG_COMPILER_APPICON_NAME = AppIcon;
				DEVELOPMENT_TEAM = L5H8Z4UVXQ;
				INFOPLIST_FILE = MyWeatherApp/Info.plist;
				LD_RUNPATH_SEARCH_PATHS = "$(inherited) @executable_path/Frameworks";
				PRODUCT_BUNDLE_IDENTIFIER = com.tarasapp.MyWeatherApp;
				PRODUCT_NAME = "$(TARGET_NAME)";
				SWIFT_VERSION = 3.0;
			};
			name = Release;
		};
/* End XCBuildConfiguration section */

/* Begin XCConfigurationList section */
		9DFC75E91F029D110060EA56 /* Build configuration list for PBXProject "MyWeatherApp" */ = {
			isa = XCConfigurationList;
			buildConfigurations = (
				9DFC76011F029D110060EA56 /* Debug */,
				9DFC76021F029D110060EA56 /* Release */,
			);
			defaultConfigurationIsVisible = 0;
			defaultConfigurationName = Release;
		};
		9DFC76031F029D110060EA56 /* Build configuration list for PBXNativeTarget "MyWeatherApp" */ = {
			isa = XCConfigurationList;
			buildConfigurations = (
				9DFC76041F029D110060EA56 /* Debug */,
				9DFC76051F029D110060EA56 /* Release */,
			);
			defaultConfigurationIsVisible = 0;
			defaultConfigurationName = Release;
		};
/* End XCConfigurationList section */

/* Begin XCVersionGroup section */
		9DFC75F81F029D110060EA56 /* MyWeatherApp.xcdatamodeld */ = {
			isa = XCVersionGroup;
			children = (
				9DFC75F91F029D110060EA56 /* MyWeatherApp.xcdatamodel */,
			);
			currentVersion = 9DFC75F91F029D110060EA56 /* MyWeatherApp.xcdatamodel */;
			path = MyWeatherApp.xcdatamodeld;
			sourceTree = "<group>";
			versionGroupType = wrapper.xcdatamodel;
		};
/* End XCVersionGroup section */
	};
	rootObject = 9DFC75E61F029D110060EA56 /* Project object */;
}
